Microsoft Visual Studio Solution File, Format Version 12.00
# Visual Studio Version 17
VisualStudioVersion = 17.5.2.0
MinimumVisualStudioVersion = 10.0.40219.1
Project("{FAE04EC0-301F-11D3-BF4B-00C04F79EFBC}") = "Sistema_Gerenciamento_Escolar", "Sistema_Gerenciamento_Escolar.csproj", "{83060492-ED71-8303-5040-7CAC2DEC7027}"
EndProject
Project("{FAE04EC0-301F-11D3-BF4B-00C04F79EFBC}") = "Sistema_Gerenciamento_Escolar.Web", "..\Sistema_Gerenciamento_Escolar.Web\Sistema_Gerenciamento_Escolar.Web.csproj", "{A1B2C3D4-E5F6-7890-ABCD-EF1234567890}"
EndProject
Global
	GlobalSection(SolutionConfigurationPlatforms) = preSolution
		Debug|Any CPU = Debug|Any CPU
		Release|Any CPU = Release|Any CPU
	EndGlobalSection
	GlobalSection(ProjectConfigurationPlatforms) = postSolution
		{83060492-ED71-8303-5040-7CAC2DEC7027}.Debug|Any CPU.ActiveCfg = Debug|Any CPU
		{83060492-ED71-8303-5040-7CAC2DEC7027}.Debug|Any CPU.Build.0 = Debug|Any CPU
		{83060492-ED71-8303-5040-7CAC2DEC7027}.Release|Any CPU.ActiveCfg = Release|Any CPU
		{83060492-ED71-8303-5040-7CAC2DEC7027}.Release|Any CPU.Build.0 = Release|Any CPU
		{A1B2C3D4-E5F6-7890-ABCD-EF1234567890}.Debug|Any CPU.ActiveCfg = Debug|Any CPU
		{A1B2C3D4-E5F6-7890-ABCD-EF1234567890}.Debug|Any CPU.Build.0 = Debug|Any CPU
		{A1B2C3D4-E5F6-7890-ABCD-EF1234567890}.Release|Any CPU.ActiveCfg = Release|Any CPU
		{A1B2C3D4-E5F6-7890-ABCD-EF1234567890}.Release|Any CPU.Build.0 = Release|Any CPU
	EndGlobalSection
	GlobalSection(SolutionProperties) = preSolution
		HideSolutionNode = FALSE
	EndGlobalSection
	GlobalSection(ExtensibilityGlobals) = postSolution
		SolutionGuid = {EE7A5885-456F-4100-947F-DCFBFB5F3424}
	EndGlobalSection
EndGlobal
